
Microsoft Visual Studio Solution File, Format Version 11.00
# Visual Studio 2010
# SharpDevelop 5.1
Project("{FAE04EC0-301F-11D3-BF4B-00C04F79EFBC}") = "Zeugnis_G3", "Zeugnis_G3.csproj", "{D0C11A7B-7A4B-4D03-854F-2985AEE8CBAE}"
EndProject
Global
	GlobalSection(SolutionConfigurationPlatforms) = preSolution
		Debug|Any CPU = Debug|Any CPU
		Release|Any CPU = Release|Any CPU
	EndGlobalSection
	GlobalSection(ProjectConfigurationPlatforms) = postSolution
		{D0C11A7B-7A4B-4D03-854F-2985AEE8CBAE}.Debug|Any CPU.ActiveCfg = Debug|Any CPU
		{D0C11A7B-7A4B-4D03-854F-2985AEE8CBAE}.Debug|Any CPU.Build.0 = Debug|Any CPU
		{D0C11A7B-7A4B-4D03-854F-2985AEE8CBAE}.Release|Any CPU.ActiveCfg = Release|Any CPU
		{D0C11A7B-7A4B-4D03-854F-2985AEE8CBAE}.Release|Any CPU.Build.0 = Release|Any CPU
	EndGlobalSection
EndGlobal
